
Microsoft Visual Studio Solution File, Format Version 12.00
# Visual Studio Version 17
VisualStudioVersion = 17.4.33403.182
MinimumVisualStudioVersion = 10.0.40219.1
Project("{FAE04EC0-301F-11D3-BF4B-00C04F79EFBC}") = "rock-paper-scissors", "rock-paper-scissors.csproj", "{CC3567C4-F3E9-4F0D-8EE7-562CBB270B9E}"
EndProject
Global
	GlobalSection(SolutionConfigurationPlatforms) = preSolution
		Debug|Any CPU = Debug|Any CPU
		Release|Any CPU = Release|Any CPU
	EndGlobalSection
	GlobalSection(ProjectConfigurationPlatforms) = postSolution
		{CC3567C4-F3E9-4F0D-8EE7-562CBB270B9E}.Debug|Any CPU.ActiveCfg = Debug|Any CPU
		{CC3567C4-F3E9-4F0D-8EE7-562CBB270B9E}.Debug|Any CPU.Build.0 = Debug|Any CPU
		{CC3567C4-F3E9-4F0D-8EE7-562CBB270B9E}.Release|Any CPU.ActiveCfg = Release|Any CPU
		{CC3567C4-F3E9-4F0D-8EE7-562CBB270B9E}.Release|Any CPU.Build.0 = Release|Any CPU
	EndGlobalSection
	GlobalSection(SolutionProperties) = preSolution
		HideSolutionNode = FALSE
	EndGlobalSection
	GlobalSection(ExtensibilityGlobals) = postSolution
		SolutionGuid = {F155FFD5-22E9-4F04-95CC-B637B307E47F}
	EndGlobalSection
EndGlobal
